
Microsoft Visual Studio Solution File, Format Version 12.00
# Visual Studio Version 16
VisualStudioVersion = 16.0.30114.105
MinimumVisualStudioVersion = 10.0.40219.1
Project("{FAE04EC0-301F-11D3-BF4B-00C04F79EFBC}") = "ConsoleApp6", "ConsoleApp6\ConsoleApp6.csproj", "{84203A7B-562F-49A0-8684-AF8D9882C3D7}"
EndProject
Global
	GlobalSection(SolutionConfigurationPlatforms) = preSolution
		Debug|Any CPU = Debug|Any CPU
		Release|Any CPU = Release|Any CPU
	EndGlobalSection
	GlobalSection(ProjectConfigurationPlatforms) = postSolution
		{84203A7B-562F-49A0-8684-AF8D9882C3D7}.Debug|Any CPU.ActiveCfg = Debug|Any CPU
		{84203A7B-562F-49A0-8684-AF8D9882C3D7}.Debug|Any CPU.Build.0 = Debug|Any CPU
		{84203A7B-562F-49A0-8684-AF8D9882C3D7}.Release|Any CPU.ActiveCfg = Release|Any CPU
		{84203A7B-562F-49A0-8684-AF8D9882C3D7}.Release|Any CPU.Build.0 = Release|Any CPU
	EndGlobalSection
	GlobalSection(SolutionProperties) = preSolution
		HideSolutionNode = FALSE
	EndGlobalSection
	GlobalSection(ExtensibilityGlobals) = postSolution
		SolutionGuid = {3701470E-627F-4AF1-960E-B9709B8DB4A3}
	EndGlobalSection
EndGlobal
